// !$*UTF8*$!
{
	archiveVersion = 1;
	classes = {
	};
	objectVersion = 56;
	objects = {

/* Begin PBXBuildFile section */
		AA3F250C2B85281700BC2761 /* GameManager.swift in Sources */ = {isa = PBXBuildFile; fileRef = AA3F250B2B85281700BC2761 /* GameManager.swift */; };
		AA4546D92B84C79E003D35A0 /* AppDelegate.swift in Sources */ = {isa = PBXBuildFile; fileRef = AA4546D82B84C79E003D35A0 /* AppDelegate.swift */; };
		AA4546DB2B84C79E003D35A0 /* GameScene.sks in Resources */ = {isa = PBXBuildFile; fileRef = AA4546DA2B84C79E003D35A0 /* GameScene.sks */; };
		AA4546DD2B84C79E003D35A0 /* Actions.sks in Resources */ = {isa = PBXBuildFile; fileRef = AA4546DC2B84C79E003D35A0 /* Actions.sks */; };
		AA4546DF2B84C79E003D35A0 /* GameScene.swift in Sources */ = {isa = PBXBuildFile; fileRef = AA4546DE2B84C79E003D35A0 /* GameScene.swift */; };
		AA4546E12B84C79E003D35A0 /* GameViewController.swift in Sources */ = {isa = PBXBuildFile; fileRef = AA4546E02B84C79E003D35A0 /* GameViewController.swift */; };
		AA4546E42B84C79E003D35A0 /* Main.storyboard in Resources */ = {isa = PBXBuildFile; fileRef = AA4546E22B84C79E003D35A0 /* Main.storyboard */; };
		AA4546E62B84C79F003D35A0 /* Assets.xcassets in Resources */ = {isa = PBXBuildFile; fileRef = AA4546E52B84C79F003D35A0 /* Assets.xcassets */; };
		AA4546E92B84C79F003D35A0 /* LaunchScreen.storyboard in Resources */ = {isa = PBXBuildFile; fileRef = AA4546E72B84C79F003D35A0 /* LaunchScreen.storyboard */; };
		AA4546F22B84C7CF003D35A0 /* Dumpster.swift in Sources */ = {isa = PBXBuildFile; fileRef = AA4546EF2B84C7CF003D35A0 /* Dumpster.swift */; };
		AA4546F32B84C7CF003D35A0 /* Obstacle.swift in Sources */ = {isa = PBXBuildFile; fileRef = AA4546F02B84C7CF003D35A0 /* Obstacle.swift */; };
		AA4546F42B84C7CF003D35A0 /* SKNodeUpdate.swift in Sources */ = {isa = PBXBuildFile; fileRef = AA4546F12B84C7CF003D35A0 /* SKNodeUpdate.swift */; };
		AA4546F62B84C7E5003D35A0 /* Game.xcassets in Resources */ = {isa = PBXBuildFile; fileRef = AA4546F52B84C7E5003D35A0 /* Game.xcassets */; };
/* End PBXBuildFile section */

/* Begin PBXFileReference section */
		AA3F250B2B85281700BC2761 /* GameManager.swift */ = {isa = PBXFileReference; lastKnownFileType = sourcecode.swift; path = GameManager.swift; sourceTree = "<group>"; };
		AA4546D52B84C79E003D35A0 /* KoreaTourGame.tvOS.app */ = {isa = PBXFileReference; explicitFileType = wrapper.application; includeInIndex = 0; path = KoreaTourGame.tvOS.app; sourceTree = BUILT_PRODUCTS_DIR; };
		AA4546D82B84C79E003D35A0 /* AppDelegate.swift */ = {isa = PBXFileReference; lastKnownFileType = sourcecode.swift; path = AppDelegate.swift; sourceTree = "<group>"; };
		AA4546DA2B84C79E003D35A0 /* GameScene.sks */ = {isa = PBXFileReference; lastKnownFileType = file.sks; path = GameScene.sks; sourceTree = "<group>"; };
		AA4546DC2B84C79E003D35A0 /* Actions.sks */ = {isa = PBXFileReference; lastKnownFileType = file.sks; path = Actions.sks; sourceTree = "<group>"; };
		AA4546DE2B84C79E003D35A0 /* GameScene.swift */ = {isa = PBXFileReference; lastKnownFileType = sourcecode.swift; path = GameScene.swift; sourceTree = "<group>"; };
		AA4546E02B84C79E003D35A0 /* GameViewController.swift */ = {isa = PBXFileReference; lastKnownFileType = sourcecode.swift; path = GameViewController.swift; sourceTree = "<group>"; };
		AA4546E32B84C79E003D35A0 /* Base */ = {isa = PBXFileReference; lastKnownFileType = file.storyboard; name = Base; path = Base.lproj/Main.storyboard; sourceTree = "<group>"; };
		AA4546E52B84C79F003D35A0 /* Assets.xcassets */ = {isa = PBXFileReference; lastKnownFileType = folder.assetcatalog; path = Assets.xcassets; sourceTree = "<group>"; };
		AA4546E82B84C79F003D35A0 /* Base */ = {isa = PBXFileReference; lastKnownFileType = file.storyboard; name = Base; path = Base.lproj/LaunchScreen.storyboard; sourceTree = "<group>"; };
		AA4546EF2B84C7CF003D35A0 /* Dumpster.swift */ = {isa = PBXFileReference; fileEncoding = 4; lastKnownFileType = sourcecode.swift; path = Dumpster.swift; sourceTree = "<group>"; };
		AA4546F02B84C7CF003D35A0 /* Obstacle.swift */ = {isa = PBXFileReference; fileEncoding = 4; lastKnownFileType = sourcecode.swift; path = Obstacle.swift; sourceTree = "<group>"; };
		AA4546F12B84C7CF003D35A0 /* SKNodeUpdate.swift */ = {isa = PBXFileReference; fileEncoding = 4; lastKnownFileType = sourcecode.swift; path = SKNodeUpdate.swift; sourceTree = "<group>"; };
		AA4546F52B84C7E5003D35A0 /* Game.xcassets */ = {isa = PBXFileReference; lastKnownFileType = folder.assetcatalog; path = Game.xcassets; sourceTree = "<group>"; };
/* End PBXFileReference section */

/* Begin PBXFrameworksBuildPhase section */
		AA4546D22B84C79E003D35A0 /* Frameworks */ = {
			isa = PBXFrameworksBuildPhase;
			buildActionMask = 2147483647;
			files = (
			);
			runOnlyForDeploymentPostprocessing = 0;
		};
/* End PBXFrameworksBuildPhase section */

/* Begin PBXGroup section */
		AA4546CC2B84C79E003D35A0 = {
			isa = PBXGroup;
			children = (
				AA4546D72B84C79E003D35A0 /* KoreaTourGame.tvOS */,
				AA4546D62B84C79E003D35A0 /* Products */,
			);
			sourceTree = "<group>";
		};
		AA4546D62B84C79E003D35A0 /* Products */ = {
			isa = PBXGroup;
			children = (
				AA4546D52B84C79E003D35A0 /* KoreaTourGame.tvOS.app */,
			);
			name = Products;
			sourceTree = "<group>";
		};
		AA4546D72B84C79E003D35A0 /* KoreaTourGame.tvOS */ = {
			isa = PBXGroup;
			children = (
				AA4546D82B84C79E003D35A0 /* AppDelegate.swift */,
				AA4546DA2B84C79E003D35A0 /* GameScene.sks */,
				AA4546DC2B84C79E003D35A0 /* Actions.sks */,
				AA4546DE2B84C79E003D35A0 /* GameScene.swift */,
				AA3F250B2B85281700BC2761 /* GameManager.swift */,
				AA4546E02B84C79E003D35A0 /* GameViewController.swift */,
				AA4546EF2B84C7CF003D35A0 /* Dumpster.swift */,
				AA4546F02B84C7CF003D35A0 /* Obstacle.swift */,
				AA4546F12B84C7CF003D35A0 /* SKNodeUpdate.swift */,
				AA4546F52B84C7E5003D35A0 /* Game.xcassets */,
				AA4546E22B84C79E003D35A0 /* Main.storyboard */,
				AA4546E52B84C79F003D35A0 /* Assets.xcassets */,
				AA4546E72B84C79F003D35A0 /* LaunchScreen.storyboard */,
			);
			path = KoreaTourGame.tvOS;
			sourceTree = "<group>";
		};
/* End PBXGroup section */

/* Begin PBXNativeTarget section */
		AA4546D42B84C79E003D35A0 /* KoreaTourGame.tvOS */ = {
			isa = PBXNativeTarget;
			buildConfigurationList = AA4546EC2B84C79F003D35A0 /* Build configuration list for PBXNativeTarget "KoreaTourGame.tvOS" */;
			buildPhases = (
				AA4546D12B84C79E003D35A0 /* Sources */,
				AA4546D22B84C79E003D35A0 /* Frameworks */,
				AA4546D32B84C79E003D35A0 /* Resources */,
			);
			buildRules = (
			);
			dependencies = (
			);
			name = KoreaTourGame.tvOS;
			productName = KoreaTourGame.tvOS;
			productReference = AA4546D52B84C79E003D35A0 /* KoreaTourGame.tvOS.app */;
			productType = "com.apple.product-type.application";
		};
/* End PBXNativeTarget section */

/* Begin PBXProject section */
		AA4546CD2B84C79E003D35A0 /* Project object */ = {
			isa = PBXProject;
			attributes = {
				BuildIndependentTargetsInParallel = 1;
				LastSwiftUpdateCheck = 1500;
				LastUpgradeCheck = 1500;
				TargetAttributes = {
					AA4546D42B84C79E003D35A0 = {
						CreatedOnToolsVersion = 15.0;
					};
				};
			};
			buildConfigurationList = AA4546D02B84C79E003D35A0 /* Build configuration list for PBXProject "KoreaTourGame.tvOS" */;
			compatibilityVersion = "Xcode 14.0";
			developmentRegion = en;
			hasScannedForEncodings = 0;
			knownRegions = (
				en,
				Base,
			);
			mainGroup = AA4546CC2B84C79E003D35A0;
			productRefGroup = AA4546D62B84C79E003D35A0 /* Products */;
			projectDirPath = "";
			projectRoot = "";
			targets = (
				AA4546D42B84C79E003D35A0 /* KoreaTourGame.tvOS */,
			);
		};
/* End PBXProject section */

/* Begin PBXResourcesBuildPhase section */
		AA4546D32B84C79E003D35A0 /* Resources */ = {
			isa = PBXResourcesBuildPhase;
			buildActionMask = 2147483647;
			files = (
				AA4546E42B84C79E003D35A0 /* Main.storyboard in Resources */,
				AA4546DB2B84C79E003D35A0 /* GameScene.sks in Resources */,
				AA4546E62B84C79F003D35A0 /* Assets.xcassets in Resources */,
				AA4546E92B84C79F003D35A0 /* LaunchScreen.storyboard in Resources */,
				AA4546DD2B84C79E003D35A0 /* Actions.sks in Resources */,
				AA4546F62B84C7E5003D35A0 /* Game.xcassets in Resources */,
			);
			runOnlyForDeploymentPostprocessing = 0;
		};
/* End PBXResourcesBuildPhase section */

/* Begin PBXSourcesBuildPhase section */
		AA4546D12B84C79E003D35A0 /* Sources */ = {
			isa = PBXSourcesBuildPhase;
			buildActionMask = 2147483647;
			files = (
				AA4546DF2B84C79E003D35A0 /* GameScene.swift in Sources */,
				AA4546F22B84C7CF003D35A0 /* Dumpster.swift in Sources */,
				AA4546F42B84C7CF003D35A0 /* SKNodeUpdate.swift in Sources */,
				AA3F250C2B85281700BC2761 /* GameManager.swift in Sources */,
				AA4546F32B84C7CF003D35A0 /* Obstacle.swift in Sources */,
				AA4546E12B84C79E003D35A0 /* GameViewController.swift in Sources */,
				AA4546D92B84C79E003D35A0 /* AppDelegate.swift in Sources */,
			);
			runOnlyForDeploymentPostprocessing = 0;
		};
/* End PBXSourcesBuildPhase section */

/* Begin PBXVariantGroup section */
		AA4546E22B84C79E003D35A0 /* Main.storyboard */ = {
			isa = PBXVariantGroup;
			children = (
				AA4546E32B84C79E003D35A0 /* Base */,
			);
			name = Main.storyboard;
			sourceTree = "<group>";
		};
		AA4546E72B84C79F003D35A0 /* LaunchScreen.storyboard */ = {
			isa = PBXVariantGroup;
			children = (
				AA4546E82B84C79F003D35A0 /* Base */,
			);
			name = LaunchScreen.storyboard;
			sourceTree = "<group>";
		};
/* End PBXVariantGroup section */

/* Begin XCBuildConfiguration section */
		AA4546EA2B84C79F003D35A0 /* Debug */ = {
			isa = XCBuildConfiguration;
			buildSettings = {
				ALWAYS_SEARCH_USER_PATHS = NO;
				ASSETCATALOG_COMPILER_GENERATE_SWIFT_ASSET_SYMBOL_EXTENSIONS = YES;
				CLANG_ANALYZER_NONNULL = YES;
				CLANG_ANALYZER_NUMBER_OBJECT_CONVERSION = YES_AGGRESSIVE;
				CLANG_CXX_LANGUAGE_STANDARD = "gnu++20";
				CLANG_ENABLE_MODULES = YES;
				CLANG_ENABLE_OBJC_ARC = YES;
				CLANG_ENABLE_OBJC_WEAK = YES;
				CLANG_WARN_BLOCK_CAPTURE_AUTORELEASING = YES;
				CLANG_WARN_BOOL_CONVERSION = YES;
				CLANG_WARN_COMMA = YES;
				CLANG_WARN_CONSTANT_CONVERSION = YES;
				CLANG_WARN_DEPRECATED_OBJC_IMPLEMENTATIONS = YES;
				CLANG_WARN_DIRECT_OBJC_ISA_USAGE = YES_ERROR;
				CLANG_WARN_DOCUMENTATION_COMMENTS = YES;
				CLANG_WARN_EMPTY_BODY = YES;
				CLANG_WARN_ENUM_CONVERSION = YES;
				CLANG_WARN_INFINITE_RECURSION = YES;
				CLANG_WARN_INT_CONVERSION = YES;
				CLANG_WARN_NON_LITERAL_NULL_CONVERSION = YES;
				CLANG_WARN_OBJC_IMPLICIT_RETAIN_SELF = YES;
				CLANG_WARN_OBJC_LITERAL_CONVERSION = YES;
				CLANG_WARN_OBJC_ROOT_CLASS = YES_ERROR;
				CLANG_WARN_QUOTED_INCLUDE_IN_FRAMEWORK_HEADER = YES;
				CLANG_WARN_RANGE_LOOP_ANALYSIS = YES;
				CLANG_WARN_STRICT_PROTOTYPES = YES;
				CLANG_WARN_SUSPICIOUS_MOVE = YES;
				CLANG_WARN_UNGUARDED_AVAILABILITY = YES_AGGRESSIVE;
				CLANG_WARN_UNREACHABLE_CODE = YES;
				CLANG_WARN__DUPLICATE_METHOD_MATCH = YES;
				COPY_PHASE_STRIP = NO;
				DEBUG_INFORMATION_FORMAT = dwarf;
				ENABLE_STRICT_OBJC_MSGSEND = YES;
				ENABLE_TESTABILITY = YES;
				ENABLE_USER_SCRIPT_SANDBOXING = YES;
				GCC_C_LANGUAGE_STANDARD = gnu17;
				GCC_DYNAMIC_NO_PIC = NO;
				GCC_NO_COMMON_BLOCKS = YES;
				GCC_OPTIMIZATION_LEVEL = 0;
				GCC_PREPROCESSOR_DEFINITIONS = (
					"DEBUG=1",
					"$(inherited)",
				);
				GCC_WARN_64_TO_32_BIT_CONVERSION = YES;
				GCC_WARN_ABOUT_RETURN_TYPE = YES_ERROR;
				GCC_WARN_UNDECLARED_SELECTOR = YES;
				GCC_WARN_UNINITIALIZED_AUTOS = YES_AGGRESSIVE;
				GCC_WARN_UNUSED_FUNCTION = YES;
				GCC_WARN_UNUSED_VARIABLE = YES;
				LOCALIZATION_PREFERS_STRING_CATALOGS = YES;
				MTL_ENABLE_DEBUG_INFO = INCLUDE_SOURCE;
				MTL_FAST_MATH = YES;
				ONLY_ACTIVE_ARCH = YES;
				SDKROOT = appletvos;
				SWIFT_ACTIVE_COMPILATION_CONDITIONS = "DEBUG $(inherited)";
				SWIFT_OPTIMIZATION_LEVEL = "-Onone";
				TVOS_DEPLOYMENT_TARGET = 17.0;
			};
			name = Debug;
		};
		AA4546EB2B84C79F003D35A0 /* Release */ = {
			isa = XCBuildConfiguration;
			buildSettings = {
				ALWAYS_SEARCH_USER_PATHS = NO;
				ASSETCATALOG_COMPILER_GENERATE_SWIFT_ASSET_SYMBOL_EXTENSIONS = YES;
				CLANG_ANALYZER_NONNULL = YES;
				CLANG_ANALYZER_NUMBER_OBJECT_CONVERSION = YES_AGGRESSIVE;
				CLANG_CXX_LANGUAGE_STANDARD = "gnu++20";
				CLANG_ENABLE_MODULES = YES;
				CLANG_ENABLE_OBJC_ARC = YES;
				CLANG_ENABLE_OBJC_WEAK = YES;
				CLANG_WARN_BLOCK_CAPTURE_AUTORELEASING = YES;
				CLANG_WARN_BOOL_CONVERSION = YES;
				CLANG_WARN_COMMA = YES;
				CLANG_WARN_CONSTANT_CONVERSION = YES;
				CLANG_WARN_DEPRECATED_OBJC_IMPLEMENTATIONS = YES;
				CLANG_WARN_DIRECT_OBJC_ISA_USAGE = YES_ERROR;
				CLANG_WARN_DOCUMENTATION_COMMENTS = YES;
				CLANG_WARN_EMPTY_BODY = YES;
				CLANG_WARN_ENUM_CONVERSION = YES;
				CLANG_WARN_INFINITE_RECURSION = YES;
				CLANG_WARN_INT_CONVERSION = YES;
				CLANG_WARN_NON_LITERAL_NULL_CONVERSION = YES;
				CLANG_WARN_OBJC_IMPLICIT_RETAIN_SELF = YES;
				CLANG_WARN_OBJC_LITERAL_CONVERSION = YES;
				CLANG_WARN_OBJC_ROOT_CLASS = YES_ERROR;
				CLANG_WARN_QUOTED_INCLUDE_IN_FRAMEWORK_HEADER = YES;
				CLANG_WARN_RANGE_LOOP_ANALYSIS = YES;
				CLANG_WARN_STRICT_PROTOTYPES = YES;
				CLANG_WARN_SUSPICIOUS_MOVE = YES;
				CLANG_WARN_UNGUARDED_AVAILABILITY = YES_AGGRESSIVE;
				CLANG_WARN_UNREACHABLE_CODE = YES;
				CLANG_WARN__DUPLICATE_METHOD_MATCH = YES;
				COPY_PHASE_STRIP = NO;
				DEBUG_INFORMATION_FORMAT = "dwarf-with-dsym";
				ENABLE_NS_ASSERTIONS = NO;
				ENABLE_STRICT_OBJC_MSGSEND = YES;
				ENABLE_USER_SCRIPT_SANDBOXING = YES;
				GCC_C_LANGUAGE_STANDARD = gnu17;
				GCC_NO_COMMON_BLOCKS = YES;
				GCC_WARN_64_TO_32_BIT_CONVERSION = YES;
				GCC_WARN_ABOUT_RETURN_TYPE = YES_ERROR;
				GCC_WARN_UNDECLARED_SELECTOR = YES;
				GCC_WARN_UNINITIALIZED_AUTOS = YES_AGGRESSIVE;
				GCC_WARN_UNUSED_FUNCTION = YES;
				GCC_WARN_UNUSED_VARIABLE = YES;
				LOCALIZATION_PREFERS_STRING_CATALOGS = YES;
				MTL_ENABLE_DEBUG_INFO = NO;
				MTL_FAST_MATH = YES;
				SDKROOT = appletvos;
				SWIFT_COMPILATION_MODE = wholemodule;
				TVOS_DEPLOYMENT_TARGET = 17.0;
				VALIDATE_PRODUCT = YES;
			};
			name = Release;
		};
		AA4546ED2B84C79F003D35A0 /* Debug */ = {
			isa = XCBuildConfiguration;
			buildSettings = {
				ASSETCATALOG_COMPILER_APPICON_NAME = "App Icon & Top Shelf Image";
				ASSETCATALOG_COMPILER_GLOBAL_ACCENT_COLOR_NAME = AccentColor;
				CODE_SIGN_STYLE = Automatic;
				CURRENT_PROJECT_VERSION = 1;
				DEVELOPMENT_TEAM = 4KLMMMFY4D;
				GENERATE_INFOPLIST_FILE = YES;
				INFOPLIST_KEY_UILaunchStoryboardName = LaunchScreen;
				INFOPLIST_KEY_UIMainStoryboardFile = Main;
				INFOPLIST_KEY_UIUserInterfaceStyle = Automatic;
				LD_RUNPATH_SEARCH_PATHS = (
					"$(inherited)",
					"@executable_path/Frameworks",
				);
				MARKETING_VERSION = 1.0;
				PRODUCT_BUNDLE_IDENTIFIER = "com.acasia.KoreaTourGame-tvOS";
				PRODUCT_NAME = "$(TARGET_NAME)";
				SWIFT_EMIT_LOC_STRINGS = YES;
				SWIFT_VERSION = 5.0;
				TARGETED_DEVICE_FAMILY = 3;
			};
			name = Debug;
		};
		AA4546EE2B84C79F003D35A0 /* Release */ = {
			isa = XCBuildConfiguration;
			buildSettings = {
				ASSETCATALOG_COMPILER_APPICON_NAME = "App Icon & Top Shelf Image";
				ASSETCATALOG_COMPILER_GLOBAL_ACCENT_COLOR_NAME = AccentColor;
				CODE_SIGN_STYLE = Automatic;
				CURRENT_PROJECT_VERSION = 1;
				DEVELOPMENT_TEAM = 4KLMMMFY4D;
				GENERATE_INFOPLIST_FILE = YES;
				INFOPLIST_KEY_UILaunchStoryboardName = LaunchScreen;
				INFOPLIST_KEY_UIMainStoryboardFile = Main;
				INFOPLIST_KEY_UIUserInterfaceStyle = Automatic;
				LD_RUNPATH_SEARCH_PATHS = (
					"$(inherited)",
					"@executable_path/Frameworks",
				);
				MARKETING_VERSION = 1.0;
				PRODUCT_BUNDLE_IDENTIFIER = "com.acasia.KoreaTourGame-tvOS";
				PRODUCT_NAME = "$(TARGET_NAME)";
				SWIFT_EMIT_LOC_STRINGS = YES;
				SWIFT_VERSION = 5.0;
				TARGETED_DEVICE_FAMILY = 3;
			};
			name = Release;
		};
/* End XCBuildConfiguration section */

/* Begin XCConfigurationList section */
		AA4546D02B84C79E003D35A0 /* Build configuration list for PBXProject "KoreaTourGame.tvOS" */ = {
			isa = XCConfigurationList;
			buildConfigurations = (
				AA4546EA2B84C79F003D35A0 /* Debug */,
				AA4546EB2B84C79F003D35A0 /* Release */,
			);
			defaultConfigurationIsVisible = 0;
			defaultConfigurationName = Release;
		};
		AA4546EC2B84C79F003D35A0 /* Build configuration list for PBXNativeTarget "KoreaTourGame.tvOS" */ = {
			isa = XCConfigurationList;
			buildConfigurations = (
				AA4546ED2B84C79F003D35A0 /* Debug */,
				AA4546EE2B84C79F003D35A0 /* Release */,
			);
			defaultConfigurationIsVisible = 0;
			defaultConfigurationName = Release;
		};
/* End XCConfigurationList section */
	};
	rootObject = AA4546CD2B84C79E003D35A0 /* Project object */;
}
